// !$*UTF8*$!
{
	archiveVersion = 1;
	classes = {
	};
	objectVersion = 50;
	objects = {

/* Begin PBXBuildFile section */
		6E2DC1AE25B35BB0006BE494 /* AppDelegate.swift in Sources */ = {isa = PBXBuildFile; fileRef = 6E2DC1AD25B35BB0006BE494 /* AppDelegate.swift */; };
		6E2DC1B025B35BB0006BE494 /* SceneDelegate.swift in Sources */ = {isa = PBXBuildFile; fileRef = 6E2DC1AF25B35BB0006BE494 /* SceneDelegate.swift */; };
		6E2DC1B225B35BB0006BE494 /* ViewController.swift in Sources */ = {isa = PBXBuildFile; fileRef = 6E2DC1B125B35BB0006BE494 /* ViewController.swift */; };
		6E2DC1B525B35BB0006BE494 /* Main.storyboard in Resources */ = {isa = PBXBuildFile; fileRef = 6E2DC1B325B35BB0006BE494 /* Main.storyboard */; };
		6E2DC1B725B35BB1006BE494 /* Assets.xcassets in Resources */ = {isa = PBXBuildFile; fileRef = 6E2DC1B625B35BB1006BE494 /* Assets.xcassets */; };
		6E2DC1BA25B35BB1006BE494 /* LaunchScreen.storyboard in Resources */ = {isa = PBXBuildFile; fileRef = 6E2DC1B825B35BB1006BE494 /* LaunchScreen.storyboard */; };
		6E2DC1C525B35BB1006BE494 /* blind_walkingTests.swift in Sources */ = {isa = PBXBuildFile; fileRef = 6E2DC1C425B35BB1006BE494 /* blind_walkingTests.swift */; };
		6E2DC1D025B35BB1006BE494 /* blind_walkingUITests.swift in Sources */ = {isa = PBXBuildFile; fileRef = 6E2DC1CF25B35BB1006BE494 /* blind_walkingUITests.swift */; };
		7467E4B5357DCE2E09BDD7B8 /* libPods-blind_walking.a in Frameworks */ = {isa = PBXBuildFile; fileRef = 5C53E5C55A7EFB7D19C868ED /* libPods-blind_walking.a */; };
		9E29D57D7CFB6078E3A5BF35 /* libPods-blind_walking-blind_walkingUITests.a in Frameworks */ = {isa = PBXBuildFile; fileRef = B9B23FFB3EC90AF8E3E79547 /* libPods-blind_walking-blind_walkingUITests.a */; };
		CA062D806464C3B2E7237811 /* libPods-blind_walkingTests.a in Frameworks */ = {isa = PBXBuildFile; fileRef = 9E02C270B877D4A1AD40038F /* libPods-blind_walkingTests.a */; };
/* End PBXBuildFile section */

/* Begin PBXContainerItemProxy section */
		6E2DC1C125B35BB1006BE494 /* PBXContainerItemProxy */ = {
			isa = PBXContainerItemProxy;
			containerPortal = 6E2DC1A225B35BB0006BE494 /* Project object */;
			proxyType = 1;
			remoteGlobalIDString = 6E2DC1A925B35BB0006BE494;
			remoteInfo = blind_walking;
		};
		6E2DC1CC25B35BB1006BE494 /* PBXContainerItemProxy */ = {
			isa = PBXContainerItemProxy;
			containerPortal = 6E2DC1A225B35BB0006BE494 /* Project object */;
			proxyType = 1;
			remoteGlobalIDString = 6E2DC1A925B35BB0006BE494;
			remoteInfo = blind_walking;
		};
/* End PBXContainerItemProxy section */

/* Begin PBXFileReference section */
		361962D093515952FA8DF736 /* Pods-blind_walking.debug.xcconfig */ = {isa = PBXFileReference; includeInIndex = 1; lastKnownFileType = text.xcconfig; name = "Pods-blind_walking.debug.xcconfig"; path = "Target Support Files/Pods-blind_walking/Pods-blind_walking.debug.xcconfig"; sourceTree = "<group>"; };
		5C53E5C55A7EFB7D19C868ED /* libPods-blind_walking.a */ = {isa = PBXFileReference; explicitFileType = archive.ar; includeInIndex = 0; path = "libPods-blind_walking.a"; sourceTree = BUILT_PRODUCTS_DIR; };
		6E2DC1AA25B35BB0006BE494 /* blind_walking.app */ = {isa = PBXFileReference; explicitFileType = wrapper.application; includeInIndex = 0; path = blind_walking.app; sourceTree = BUILT_PRODUCTS_DIR; };
		6E2DC1AD25B35BB0006BE494 /* AppDelegate.swift */ = {isa = PBXFileReference; lastKnownFileType = sourcecode.swift; path = AppDelegate.swift; sourceTree = "<group>"; };
		6E2DC1AF25B35BB0006BE494 /* SceneDelegate.swift */ = {isa = PBXFileReference; lastKnownFileType = sourcecode.swift; path = SceneDelegate.swift; sourceTree = "<group>"; };
		6E2DC1B125B35BB0006BE494 /* ViewController.swift */ = {isa = PBXFileReference; lastKnownFileType = sourcecode.swift; path = ViewController.swift; sourceTree = "<group>"; };
		6E2DC1B425B35BB0006BE494 /* Base */ = {isa = PBXFileReference; lastKnownFileType = file.storyboard; name = Base; path = Base.lproj/Main.storyboard; sourceTree = "<group>"; };
		6E2DC1B625B35BB1006BE494 /* Assets.xcassets */ = {isa = PBXFileReference; lastKnownFileType = folder.assetcatalog; path = Assets.xcassets; sourceTree = "<group>"; };
		6E2DC1B925B35BB1006BE494 /* Base */ = {isa = PBXFileReference; lastKnownFileType = file.storyboard; name = Base; path = Base.lproj/LaunchScreen.storyboard; sourceTree = "<group>"; };
		6E2DC1BB25B35BB1006BE494 /* Info.plist */ = {isa = PBXFileReference; lastKnownFileType = text.plist.xml; path = Info.plist; sourceTree = "<group>"; };
		6E2DC1C025B35BB1006BE494 /* blind_walkingTests.xctest */ = {isa = PBXFileReference; explicitFileType = wrapper.cfbundle; includeInIndex = 0; path = blind_walkingTests.xctest; sourceTree = BUILT_PRODUCTS_DIR; };
		6E2DC1C425B35BB1006BE494 /* blind_walkingTests.swift */ = {isa = PBXFileReference; lastKnownFileType = sourcecode.swift; path = blind_walkingTests.swift; sourceTree = "<group>"; };
		6E2DC1C625B35BB1006BE494 /* Info.plist */ = {isa = PBXFileReference; lastKnownFileType = text.plist.xml; path = Info.plist; sourceTree = "<group>"; };
		6E2DC1CB25B35BB1006BE494 /* blind_walkingUITests.xctest */ = {isa = PBXFileReference; explicitFileType = wrapper.cfbundle; includeInIndex = 0; path = blind_walkingUITests.xctest; sourceTree = BUILT_PRODUCTS_DIR; };
		6E2DC1CF25B35BB1006BE494 /* blind_walkingUITests.swift */ = {isa = PBXFileReference; lastKnownFileType = sourcecode.swift; path = blind_walkingUITests.swift; sourceTree = "<group>"; };
		6E2DC1D125B35BB1006BE494 /* Info.plist */ = {isa = PBXFileReference; lastKnownFileType = text.plist.xml; path = Info.plist; sourceTree = "<group>"; };
		79080B3EF1661CFFC0B272E7 /* Pods-blind_walking-blind_walkingUITests.release.xcconfig */ = {isa = PBXFileReference; includeInIndex = 1; lastKnownFileType = text.xcconfig; name = "Pods-blind_walking-blind_walkingUITests.release.xcconfig"; path = "Target Support Files/Pods-blind_walking-blind_walkingUITests/Pods-blind_walking-blind_walkingUITests.release.xcconfig"; sourceTree = "<group>"; };
		9121AAA844F7BC96F20D5A74 /* Pods-blind_walking.release.xcconfig */ = {isa = PBXFileReference; includeInIndex = 1; lastKnownFileType = text.xcconfig; name = "Pods-blind_walking.release.xcconfig"; path = "Target Support Files/Pods-blind_walking/Pods-blind_walking.release.xcconfig"; sourceTree = "<group>"; };
		9E02C270B877D4A1AD40038F /* libPods-blind_walkingTests.a */ = {isa = PBXFileReference; explicitFileType = archive.ar; includeInIndex = 0; path = "libPods-blind_walkingTests.a"; sourceTree = BUILT_PRODUCTS_DIR; };
		B89577B2D7EF39A181F9D4C5 /* Pods-blind_walking-blind_walkingUITests.debug.xcconfig */ = {isa = PBXFileReference; includeInIndex = 1; lastKnownFileType = text.xcconfig; name = "Pods-blind_walking-blind_walkingUITests.debug.xcconfig"; path = "Target Support Files/Pods-blind_walking-blind_walkingUITests/Pods-blind_walking-blind_walkingUITests.debug.xcconfig"; sourceTree = "<group>"; };
		B9B23FFB3EC90AF8E3E79547 /* libPods-blind_walking-blind_walkingUITests.a */ = {isa = PBXFileReference; explicitFileType = archive.ar; includeInIndex = 0; path = "libPods-blind_walking-blind_walkingUITests.a"; sourceTree = BUILT_PRODUCTS_DIR; };
		CD8D6C947BAF94B8F6ADE058 /* Pods-blind_walkingTests.release.xcconfig */ = {isa = PBXFileReference; includeInIndex = 1; lastKnownFileType = text.xcconfig; name = "Pods-blind_walkingTests.release.xcconfig"; path = "Target Support Files/Pods-blind_walkingTests/Pods-blind_walkingTests.release.xcconfig"; sourceTree = "<group>"; };
		E84FE8123AEAF93F9624768E /* Pods-blind_walkingTests.debug.xcconfig */ = {isa = PBXFileReference; includeInIndex = 1; lastKnownFileType = text.xcconfig; name = "Pods-blind_walkingTests.debug.xcconfig"; path = "Target Support Files/Pods-blind_walkingTests/Pods-blind_walkingTests.debug.xcconfig"; sourceTree = "<group>"; };
/* End PBXFileReference section */

/* Begin PBXFrameworksBuildPhase section */
		6E2DC1A725B35BB0006BE494 /* Frameworks */ = {
			isa = PBXFrameworksBuildPhase;
			buildActionMask = 2147483647;
			files = (
				7467E4B5357DCE2E09BDD7B8 /* libPods-blind_walking.a in Frameworks */,
			);
			runOnlyForDeploymentPostprocessing = 0;
		};
		6E2DC1BD25B35BB1006BE494 /* Frameworks */ = {
			isa = PBXFrameworksBuildPhase;
			buildActionMask = 2147483647;
			files = (
				CA062D806464C3B2E7237811 /* libPods-blind_walkingTests.a in Frameworks */,
			);
			runOnlyForDeploymentPostprocessing = 0;
		};
		6E2DC1C825B35BB1006BE494 /* Frameworks */ = {
			isa = PBXFrameworksBuildPhase;
			buildActionMask = 2147483647;
			files = (
				9E29D57D7CFB6078E3A5BF35 /* libPods-blind_walking-blind_walkingUITests.a in Frameworks */,
			);
			runOnlyForDeploymentPostprocessing = 0;
		};
/* End PBXFrameworksBuildPhase section */

/* Begin PBXGroup section */
		6E2DC1A125B35BB0006BE494 = {
			isa = PBXGroup;
			children = (
				6E2DC1AC25B35BB0006BE494 /* blind_walking */,
				6E2DC1C325B35BB1006BE494 /* blind_walkingTests */,
				6E2DC1CE25B35BB1006BE494 /* blind_walkingUITests */,
				6E2DC1AB25B35BB0006BE494 /* Products */,
				CA7AAF7D7008A909785900E5 /* Pods */,
				7DE06640289DA027DBEE19C9 /* Frameworks */,
			);
			sourceTree = "<group>";
		};
		6E2DC1AB25B35BB0006BE494 /* Products */ = {
			isa = PBXGroup;
			children = (
				6E2DC1AA25B35BB0006BE494 /* blind_walking.app */,
				6E2DC1C025B35BB1006BE494 /* blind_walkingTests.xctest */,
				6E2DC1CB25B35BB1006BE494 /* blind_walkingUITests.xctest */,
			);
			name = Products;
			sourceTree = "<group>";
		};
		6E2DC1AC25B35BB0006BE494 /* blind_walking */ = {
			isa = PBXGroup;
			children = (
				6E2DC1AD25B35BB0006BE494 /* AppDelegate.swift */,
				6E2DC1AF25B35BB0006BE494 /* SceneDelegate.swift */,
				6E2DC1B125B35BB0006BE494 /* ViewController.swift */,
				6E2DC1B325B35BB0006BE494 /* Main.storyboard */,
				6E2DC1B625B35BB1006BE494 /* Assets.xcassets */,
				6E2DC1B825B35BB1006BE494 /* LaunchScreen.storyboard */,
				6E2DC1BB25B35BB1006BE494 /* Info.plist */,
			);
			path = blind_walking;
			sourceTree = "<group>";
		};
		6E2DC1C325B35BB1006BE494 /* blind_walkingTests */ = {
			isa = PBXGroup;
			children = (
				6E2DC1C425B35BB1006BE494 /* blind_walkingTests.swift */,
				6E2DC1C625B35BB1006BE494 /* Info.plist */,
			);
			path = blind_walkingTests;
			sourceTree = "<group>";
		};
		6E2DC1CE25B35BB1006BE494 /* blind_walkingUITests */ = {
			isa = PBXGroup;
			children = (
				6E2DC1CF25B35BB1006BE494 /* blind_walkingUITests.swift */,
				6E2DC1D125B35BB1006BE494 /* Info.plist */,
			);
			path = blind_walkingUITests;
			sourceTree = "<group>";
		};
		7DE06640289DA027DBEE19C9 /* Frameworks */ = {
			isa = PBXGroup;
			children = (
				5C53E5C55A7EFB7D19C868ED /* libPods-blind_walking.a */,
				B9B23FFB3EC90AF8E3E79547 /* libPods-blind_walking-blind_walkingUITests.a */,
				9E02C270B877D4A1AD40038F /* libPods-blind_walkingTests.a */,
			);
			name = Frameworks;
			sourceTree = "<group>";
		};
		CA7AAF7D7008A909785900E5 /* Pods */ = {
			isa = PBXGroup;
			children = (
				361962D093515952FA8DF736 /* Pods-blind_walking.debug.xcconfig */,
				9121AAA844F7BC96F20D5A74 /* Pods-blind_walking.release.xcconfig */,
				B89577B2D7EF39A181F9D4C5 /* Pods-blind_walking-blind_walkingUITests.debug.xcconfig */,
				79080B3EF1661CFFC0B272E7 /* Pods-blind_walking-blind_walkingUITests.release.xcconfig */,
				E84FE8123AEAF93F9624768E /* Pods-blind_walkingTests.debug.xcconfig */,
				CD8D6C947BAF94B8F6ADE058 /* Pods-blind_walkingTests.release.xcconfig */,
			);
			name = Pods;
			path = Pods;
			sourceTree = "<group>";
		};
/* End PBXGroup section */

/* Begin PBXNativeTarget section */
		6E2DC1A925B35BB0006BE494 /* blind_walking */ = {
			isa = PBXNativeTarget;
			buildConfigurationList = 6E2DC1D425B35BB1006BE494 /* Build configuration list for PBXNativeTarget "blind_walking" */;
			buildPhases = (
				32D65064918CDD45A71F9035 /* [CP] Check Pods Manifest.lock */,
				6E2DC1A625B35BB0006BE494 /* Sources */,
				6E2DC1A725B35BB0006BE494 /* Frameworks */,
				6E2DC1A825B35BB0006BE494 /* Resources */,
			);
			buildRules = (
			);
			dependencies = (
			);
			name = blind_walking;
			productName = blind_walking;
			productReference = 6E2DC1AA25B35BB0006BE494 /* blind_walking.app */;
			productType = "com.apple.product-type.application";
		};
		6E2DC1BF25B35BB1006BE494 /* blind_walkingTests */ = {
			isa = PBXNativeTarget;
			buildConfigurationList = 6E2DC1D725B35BB1006BE494 /* Build configuration list for PBXNativeTarget "blind_walkingTests" */;
			buildPhases = (
				0691C17F0DF805B39D175749 /* [CP] Check Pods Manifest.lock */,
				6E2DC1BC25B35BB1006BE494 /* Sources */,
				6E2DC1BD25B35BB1006BE494 /* Frameworks */,
				6E2DC1BE25B35BB1006BE494 /* Resources */,
			);
			buildRules = (
			);
			dependencies = (
				6E2DC1C225B35BB1006BE494 /* PBXTargetDependency */,
			);
			name = blind_walkingTests;
			productName = blind_walkingTests;
			productReference = 6E2DC1C025B35BB1006BE494 /* blind_walkingTests.xctest */;
			productType = "com.apple.product-type.bundle.unit-test";
		};
		6E2DC1CA25B35BB1006BE494 /* blind_walkingUITests */ = {
			isa = PBXNativeTarget;
			buildConfigurationList = 6E2DC1DA25B35BB1006BE494 /* Build configuration list for PBXNativeTarget "blind_walkingUITests" */;
			buildPhases = (
				E41D75D8EC3885F48B3BC5A8 /* [CP] Check Pods Manifest.lock */,
				6E2DC1C725B35BB1006BE494 /* Sources */,
				6E2DC1C825B35BB1006BE494 /* Frameworks */,
				6E2DC1C925B35BB1006BE494 /* Resources */,
			);
			buildRules = (
			);
			dependencies = (
				6E2DC1CD25B35BB1006BE494 /* PBXTargetDependency */,
			);
			name = blind_walkingUITests;
			productName = blind_walkingUITests;
			productReference = 6E2DC1CB25B35BB1006BE494 /* blind_walkingUITests.xctest */;
			productType = "com.apple.product-type.bundle.ui-testing";
		};
/* End PBXNativeTarget section */

/* Begin PBXProject section */
		6E2DC1A225B35BB0006BE494 /* Project object */ = {
			isa = PBXProject;
			attributes = {
				LastSwiftUpdateCheck = 1230;
				LastUpgradeCheck = 1230;
				TargetAttributes = {
					6E2DC1A925B35BB0006BE494 = {
						CreatedOnToolsVersion = 12.3;
					};
					6E2DC1BF25B35BB1006BE494 = {
						CreatedOnToolsVersion = 12.3;
						TestTargetID = 6E2DC1A925B35BB0006BE494;
					};
					6E2DC1CA25B35BB1006BE494 = {
						CreatedOnToolsVersion = 12.3;
						TestTargetID = 6E2DC1A925B35BB0006BE494;
					};
				};
			};
			buildConfigurationList = 6E2DC1A525B35BB0006BE494 /* Build configuration list for PBXProject "blind_walking" */;
			compatibilityVersion = "Xcode 9.3";
			developmentRegion = en;
			hasScannedForEncodings = 0;
			knownRegions = (
				en,
				Base,
			);
			mainGroup = 6E2DC1A125B35BB0006BE494;
			productRefGroup = 6E2DC1AB25B35BB0006BE494 /* Products */;
			projectDirPath = "";
			projectRoot = "";
			targets = (
				6E2DC1A925B35BB0006BE494 /* blind_walking */,
				6E2DC1BF25B35BB1006BE494 /* blind_walkingTests */,
				6E2DC1CA25B35BB1006BE494 /* blind_walkingUITests */,
			);
		};
/* End PBXProject section */

/* Begin PBXResourcesBuildPhase section */
		6E2DC1A825B35BB0006BE494 /* Resources */ = {
			isa = PBXResourcesBuildPhase;
			buildActionMask = 2147483647;
			files = (
				6E2DC1BA25B35BB1006BE494 /* LaunchScreen.storyboard in Resources */,
				6E2DC1B725B35BB1006BE494 /* Assets.xcassets in Resources */,
				6E2DC1B525B35BB0006BE494 /* Main.storyboard in Resources */,
			);
			runOnlyForDeploymentPostprocessing = 0;
		};
		6E2DC1BE25B35BB1006BE494 /* Resources */ = {
			isa = PBXResourcesBuildPhase;
			buildActionMask = 2147483647;
			files = (
			);
			runOnlyForDeploymentPostprocessing = 0;
		};
		6E2DC1C925B35BB1006BE494 /* Resources */ = {
			isa = PBXResourcesBuildPhase;
			buildActionMask = 2147483647;
			files = (
			);
			runOnlyForDeploymentPostprocessing = 0;
		};
/* End PBXResourcesBuildPhase section */

/* Begin PBXShellScriptBuildPhase section */
		0691C17F0DF805B39D175749 /* [CP] Check Pods Manifest.lock */ = {
			isa = PBXShellScriptBuildPhase;
			buildActionMask = 2147483647;
			files = (
			);
			inputFileListPaths = (
			);
			inputPaths = (
				"${PODS_PODFILE_DIR_PATH}/Podfile.lock",
				"${PODS_ROOT}/Manifest.lock",
			);
			name = "[CP] Check Pods Manifest.lock";
			outputFileListPaths = (
			);
			outputPaths = (
				"$(DERIVED_FILE_DIR)/Pods-blind_walkingTests-checkManifestLockResult.txt",
			);
			runOnlyForDeploymentPostprocessing = 0;
			shellPath = /bin/sh;
			shellScript = "diff \"${PODS_PODFILE_DIR_PATH}/Podfile.lock\" \"${PODS_ROOT}/Manifest.lock\" > /dev/null\nif [ $? != 0 ] ; then\n    # print error to STDERR\n    echo \"error: The sandbox is not in sync with the Podfile.lock. Run 'pod install' or update your CocoaPods installation.\" >&2\n    exit 1\nfi\n# This output is used by Xcode 'outputs' to avoid re-running this script phase.\necho \"SUCCESS\" > \"${SCRIPT_OUTPUT_FILE_0}\"\n";
			showEnvVarsInLog = 0;
		};
		32D65064918CDD45A71F9035 /* [CP] Check Pods Manifest.lock */ = {
			isa = PBXShellScriptBuildPhase;
			buildActionMask = 2147483647;
			files = (
			);
			inputFileListPaths = (
			);
			inputPaths = (
				"${PODS_PODFILE_DIR_PATH}/Podfile.lock",
				"${PODS_ROOT}/Manifest.lock",
			);
			name = "[CP] Check Pods Manifest.lock";
			outputFileListPaths = (
			);
			outputPaths = (
				"$(DERIVED_FILE_DIR)/Pods-blind_walking-checkManifestLockResult.txt",
			);
			runOnlyForDeploymentPostprocessing = 0;
			shellPath = /bin/sh;
			shellScript = "diff \"${PODS_PODFILE_DIR_PATH}/Podfile.lock\" \"${PODS_ROOT}/Manifest.lock\" > /dev/null\nif [ $? != 0 ] ; then\n    # print error to STDERR\n    echo \"error: The sandbox is not in sync with the Podfile.lock. Run 'pod install' or update your CocoaPods installation.\" >&2\n    exit 1\nfi\n# This output is used by Xcode 'outputs' to avoid re-running this script phase.\necho \"SUCCESS\" > \"${SCRIPT_OUTPUT_FILE_0}\"\n";
			showEnvVarsInLog = 0;
		};
		E41D75D8EC3885F48B3BC5A8 /* [CP] Check Pods Manifest.lock */ = {
			isa = PBXShellScriptBuildPhase;
			buildActionMask = 2147483647;
			files = (
			);
			inputFileListPaths = (
			);
			inputPaths = (
				"${PODS_PODFILE_DIR_PATH}/Podfile.lock",
				"${PODS_ROOT}/Manifest.lock",
			);
			name = "[CP] Check Pods Manifest.lock";
			outputFileListPaths = (
			);
			outputPaths = (
				"$(DERIVED_FILE_DIR)/Pods-blind_walking-blind_walkingUITests-checkManifestLockResult.txt",
			);
			runOnlyForDeploymentPostprocessing = 0;
			shellPath = /bin/sh;
			shellScript = "diff \"${PODS_PODFILE_DIR_PATH}/Podfile.lock\" \"${PODS_ROOT}/Manifest.lock\" > /dev/null\nif [ $? != 0 ] ; then\n    # print error to STDERR\n    echo \"error: The sandbox is not in sync with the Podfile.lock. Run 'pod install' or update your CocoaPods installation.\" >&2\n    exit 1\nfi\n# This output is used by Xcode 'outputs' to avoid re-running this script phase.\necho \"SUCCESS\" > \"${SCRIPT_OUTPUT_FILE_0}\"\n";
			showEnvVarsInLog = 0;
		};
/* End PBXShellScriptBuildPhase section */

/* Begin PBXSourcesBuildPhase section */
		6E2DC1A625B35BB0006BE494 /* Sources */ = {
			isa = PBXSourcesBuildPhase;
			buildActionMask = 2147483647;
			files = (
				6E2DC1B225B35BB0006BE494 /* ViewController.swift in Sources */,
				6E2DC1AE25B35BB0006BE494 /* AppDelegate.swift in Sources */,
				6E2DC1B025B35BB0006BE494 /* SceneDelegate.swift in Sources */,
			);
			runOnlyForDeploymentPostprocessing = 0;
		};
		6E2DC1BC25B35BB1006BE494 /* Sources */ = {
			isa = PBXSourcesBuildPhase;
			buildActionMask = 2147483647;
			files = (
				6E2DC1C525B35BB1006BE494 /* blind_walkingTests.swift in Sources */,
			);
			runOnlyForDeploymentPostprocessing = 0;
		};
		6E2DC1C725B35BB1006BE494 /* Sources */ = {
			isa = PBXSourcesBuildPhase;
			buildActionMask = 2147483647;
			files = (
				6E2DC1D025B35BB1006BE494 /* blind_walkingUITests.swift in Sources */,
			);
			runOnlyForDeploymentPostprocessing = 0;
		};
/* End PBXSourcesBuildPhase section */

/* Begin PBXTargetDependency section */
		6E2DC1C225B35BB1006BE494 /* PBXTargetDependency */ = {
			isa = PBXTargetDependency;
			target = 6E2DC1A925B35BB0006BE494 /* blind_walking */;
			targetProxy = 6E2DC1C125B35BB1006BE494 /* PBXContainerItemProxy */;
		};
		6E2DC1CD25B35BB1006BE494 /* PBXTargetDependency */ = {
			isa = PBXTargetDependency;
			target = 6E2DC1A925B35BB0006BE494 /* blind_walking */;
			targetProxy = 6E2DC1CC25B35BB1006BE494 /* PBXContainerItemProxy */;
		};
/* End PBXTargetDependency section */

/* Begin PBXVariantGroup section */
		6E2DC1B325B35BB0006BE494 /* Main.storyboard */ = {
			isa = PBXVariantGroup;
			children = (
				6E2DC1B425B35BB0006BE494 /* Base */,
			);
			name = Main.storyboard;
			sourceTree = "<group>";
		};
		6E2DC1B825B35BB1006BE494 /* LaunchScreen.storyboard */ = {
			isa = PBXVariantGroup;
			children = (
				6E2DC1B925B35BB1006BE494 /* Base */,
			);
			name = LaunchScreen.storyboard;
			sourceTree = "<group>";
		};
/* End PBXVariantGroup section */

/* Begin XCBuildConfiguration section */
		6E2DC1D225B35BB1006BE494 /* Debug */ = {
			isa = XCBuildConfiguration;
			buildSettings = {
				ALWAYS_SEARCH_USER_PATHS = NO;
				CLANG_ANALYZER_NONNULL = YES;
				CLANG_ANALYZER_NUMBER_OBJECT_CONVERSION = YES_AGGRESSIVE;
				CLANG_CXX_LANGUAGE_STANDARD = "gnu++14";
				CLANG_CXX_LIBRARY = "libc++";
				CLANG_ENABLE_MODULES = YES;
				CLANG_ENABLE_OBJC_ARC = YES;
				CLANG_ENABLE_OBJC_WEAK = YES;
				CLANG_WARN_BLOCK_CAPTURE_AUTORELEASING = YES;
				CLANG_WARN_BOOL_CONVERSION = YES;
				CLANG_WARN_COMMA = YES;
				CLANG_WARN_CONSTANT_CONVERSION = YES;
				CLANG_WARN_DEPRECATED_OBJC_IMPLEMENTATIONS = YES;
				CLANG_WARN_DIRECT_OBJC_ISA_USAGE = YES_ERROR;
				CLANG_WARN_DOCUMENTATION_COMMENTS = YES;
				CLANG_WARN_EMPTY_BODY = YES;
				CLANG_WARN_ENUM_CONVERSION = YES;
				CLANG_WARN_INFINITE_RECURSION = YES;
				CLANG_WARN_INT_CONVERSION = YES;
				CLANG_WARN_NON_LITERAL_NULL_CONVERSION = YES;
				CLANG_WARN_OBJC_IMPLICIT_RETAIN_SELF = YES;
				CLANG_WARN_OBJC_LITERAL_CONVERSION = YES;
				CLANG_WARN_OBJC_ROOT_CLASS = YES_ERROR;
				CLANG_WARN_QUOTED_INCLUDE_IN_FRAMEWORK_HEADER = YES;
				CLANG_WARN_RANGE_LOOP_ANALYSIS = YES;
				CLANG_WARN_STRICT_PROTOTYPES = YES;
				CLANG_WARN_SUSPICIOUS_MOVE = YES;
				CLANG_WARN_UNGUARDED_AVAILABILITY = YES_AGGRESSIVE;
				CLANG_WARN_UNREACHABLE_CODE = YES;
				CLANG_WARN__DUPLICATE_METHOD_MATCH = YES;
				COPY_PHASE_STRIP = NO;
				DEBUG_INFORMATION_FORMAT = dwarf;
				ENABLE_STRICT_OBJC_MSGSEND = YES;
				ENABLE_TESTABILITY = YES;
				GCC_C_LANGUAGE_STANDARD = gnu11;
				GCC_DYNAMIC_NO_PIC = NO;
				GCC_NO_COMMON_BLOCKS = YES;
				GCC_OPTIMIZATION_LEVEL = 0;
				GCC_PREPROCESSOR_DEFINITIONS = (
					"DEBUG=1",
					"$(inherited)",
				);
				GCC_WARN_64_TO_32_BIT_CONVERSION = YES;
				GCC_WARN_ABOUT_RETURN_TYPE = YES_ERROR;
				GCC_WARN_UNDECLARED_SELECTOR = YES;
				GCC_WARN_UNINITIALIZED_AUTOS = YES_AGGRESSIVE;
				GCC_WARN_UNUSED_FUNCTION = YES;
				GCC_WARN_UNUSED_VARIABLE = YES;
				IPHONEOS_DEPLOYMENT_TARGET = 14.3;
				MTL_ENABLE_DEBUG_INFO = INCLUDE_SOURCE;
				MTL_FAST_MATH = YES;
				ONLY_ACTIVE_ARCH = YES;
				SDKROOT = iphoneos;
				SWIFT_ACTIVE_COMPILATION_CONDITIONS = DEBUG;
				SWIFT_OPTIMIZATION_LEVEL = "-Onone";
			};
			name = Debug;
		};
		6E2DC1D325B35BB1006BE494 /* Release */ = {
			isa = XCBuildConfiguration;
			buildSettings = {
				ALWAYS_SEARCH_USER_PATHS = NO;
				CLANG_ANALYZER_NONNULL = YES;
				CLANG_ANALYZER_NUMBER_OBJECT_CONVERSION = YES_AGGRESSIVE;
				CLANG_CXX_LANGUAGE_STANDARD = "gnu++14";
				CLANG_CXX_LIBRARY = "libc++";
				CLANG_ENABLE_MODULES = YES;
				CLANG_ENABLE_OBJC_ARC = YES;
				CLANG_ENABLE_OBJC_WEAK = YES;
				CLANG_WARN_BLOCK_CAPTURE_AUTORELEASING = YES;
				CLANG_WARN_BOOL_CONVERSION = YES;
				CLANG_WARN_COMMA = YES;
				CLANG_WARN_CONSTANT_CONVERSION = YES;
				CLANG_WARN_DEPRECATED_OBJC_IMPLEMENTATIONS = YES;
				CLANG_WARN_DIRECT_OBJC_ISA_USAGE = YES_ERROR;
				CLANG_WARN_DOCUMENTATION_COMMENTS = YES;
				CLANG_WARN_EMPTY_BODY = YES;
				CLANG_WARN_ENUM_CONVERSION = YES;
				CLANG_WARN_INFINITE_RECURSION = YES;
				CLANG_WARN_INT_CONVERSION = YES;
				CLANG_WARN_NON_LITERAL_NULL_CONVERSION = YES;
				CLANG_WARN_OBJC_IMPLICIT_RETAIN_SELF = YES;
				CLANG_WARN_OBJC_LITERAL_CONVERSION = YES;
				CLANG_WARN_OBJC_ROOT_CLASS = YES_ERROR;
				CLANG_WARN_QUOTED_INCLUDE_IN_FRAMEWORK_HEADER = YES;
				CLANG_WARN_RANGE_LOOP_ANALYSIS = YES;
				CLANG_WARN_STRICT_PROTOTYPES = YES;
				CLANG_WARN_SUSPICIOUS_MOVE = YES;
				CLANG_WARN_UNGUARDED_AVAILABILITY = YES_AGGRESSIVE;
				CLANG_WARN_UNREACHABLE_CODE = YES;
				CLANG_WARN__DUPLICATE_METHOD_MATCH = YES;
				COPY_PHASE_STRIP = NO;
				DEBUG_INFORMATION_FORMAT = "dwarf-with-dsym";
				ENABLE_NS_ASSERTIONS = NO;
				ENABLE_STRICT_OBJC_MSGSEND = YES;
				GCC_C_LANGUAGE_STANDARD = gnu11;
				GCC_NO_COMMON_BLOCKS = YES;
				GCC_WARN_64_TO_32_BIT_CONVERSION = YES;
				GCC_WARN_ABOUT_RETURN_TYPE = YES_ERROR;
				GCC_WARN_UNDECLARED_SELECTOR = YES;
				GCC_WARN_UNINITIALIZED_AUTOS = YES_AGGRESSIVE;
				GCC_WARN_UNUSED_FUNCTION = YES;
				GCC_WARN_UNUSED_VARIABLE = YES;
				IPHONEOS_DEPLOYMENT_TARGET = 14.3;
				MTL_ENABLE_DEBUG_INFO = NO;
				MTL_FAST_MATH = YES;
				SDKROOT = iphoneos;
				SWIFT_COMPILATION_MODE = wholemodule;
				SWIFT_OPTIMIZATION_LEVEL = "-O";
				VALIDATE_PRODUCT = YES;
			};
			name = Release;
		};
		6E2DC1D525B35BB1006BE494 /* Debug */ = {
			isa = XCBuildConfiguration;
			baseConfigurationReference = 361962D093515952FA8DF736 /* Pods-blind_walking.debug.xcconfig */;
			buildSettings = {
				ASSETCATALOG_COMPILER_APPICON_NAME = AppIcon;
				ASSETCATALOG_COMPILER_GLOBAL_ACCENT_COLOR_NAME = AccentColor;
				CODE_SIGN_STYLE = Automatic;
				INFOPLIST_FILE = blind_walking/Info.plist;
				LD_RUNPATH_SEARCH_PATHS = (
					"$(inherited)",
					"@executable_path/Frameworks",
				);
				PRODUCT_BUNDLE_IDENTIFIER = "memo.com.blind-walking";
				PRODUCT_NAME = "$(TARGET_NAME)";
				SWIFT_VERSION = 5.0;
				TARGETED_DEVICE_FAMILY = "1,2";
			};
			name = Debug;
		};
		6E2DC1D625B35BB1006BE494 /* Release */ = {
			isa = XCBuildConfiguration;
			baseConfigurationReference = 9121AAA844F7BC96F20D5A74 /* Pods-blind_walking.release.xcconfig */;
			buildSettings = {
				ASSETCATALOG_COMPILER_APPICON_NAME = AppIcon;
				ASSETCATALOG_COMPILER_GLOBAL_ACCENT_COLOR_NAME = AccentColor;
				CODE_SIGN_STYLE = Automatic;
				INFOPLIST_FILE = blind_walking/Info.plist;
				LD_RUNPATH_SEARCH_PATHS = (
					"$(inherited)",
					"@executable_path/Frameworks",
				);
				PRODUCT_BUNDLE_IDENTIFIER = "memo.com.blind-walking";
				PRODUCT_NAME = "$(TARGET_NAME)";
				SWIFT_VERSION = 5.0;
				TARGETED_DEVICE_FAMILY = "1,2";
			};
			name = Release;
		};
		6E2DC1D825B35BB1006BE494 /* Debug */ = {
			isa = XCBuildConfiguration;
			baseConfigurationReference = E84FE8123AEAF93F9624768E /* Pods-blind_walkingTests.debug.xcconfig */;
			buildSettings = {
				ALWAYS_EMBED_SWIFT_STANDARD_LIBRARIES = YES;
				BUNDLE_LOADER = "$(TEST_HOST)";
				CODE_SIGN_STYLE = Automatic;
				INFOPLIST_FILE = blind_walkingTests/Info.plist;
				IPHONEOS_DEPLOYMENT_TARGET = 14.3;
				LD_RUNPATH_SEARCH_PATHS = (
					"$(inherited)",
					"@executable_path/Frameworks",
					"@loader_path/Frameworks",
				);
				PRODUCT_BUNDLE_IDENTIFIER = "memo.com.blind-walkingTests";
				PRODUCT_NAME = "$(TARGET_NAME)";
				SWIFT_VERSION = 5.0;
				TARGETED_DEVICE_FAMILY = "1,2";
				TEST_HOST = "$(BUILT_PRODUCTS_DIR)/blind_walking.app/blind_walking";
			};
			name = Debug;
		};
		6E2DC1D925B35BB1006BE494 /* Release */ = {
			isa = XCBuildConfiguration;
			baseConfigurationReference = CD8D6C947BAF94B8F6ADE058 /* Pods-blind_walkingTests.release.xcconfig */;
			buildSettings = {
				ALWAYS_EMBED_SWIFT_STANDARD_LIBRARIES = YES;
				BUNDLE_LOADER = "$(TEST_HOST)";
				CODE_SIGN_STYLE = Automatic;
				INFOPLIST_FILE = blind_walkingTests/Info.plist;
				IPHONEOS_DEPLOYMENT_TARGET = 14.3;
				LD_RUNPATH_SEARCH_PATHS = (
					"$(inherited)",
					"@executable_path/Frameworks",
					"@loader_path/Frameworks",
				);
				PRODUCT_BUNDLE_IDENTIFIER = "memo.com.blind-walkingTests";
				PRODUCT_NAME = "$(TARGET_NAME)";
				SWIFT_VERSION = 5.0;
				TARGETED_DEVICE_FAMILY = "1,2";
				TEST_HOST = "$(BUILT_PRODUCTS_DIR)/blind_walking.app/blind_walking";
			};
			name = Release;
		};
		6E2DC1DB25B35BB1006BE494 /* Debug */ = {
			isa = XCBuildConfiguration;
			baseConfigurationReference = B89577B2D7EF39A181F9D4C5 /* Pods-blind_walking-blind_walkingUITests.debug.xcconfig */;
			buildSettings = {
				ALWAYS_EMBED_SWIFT_STANDARD_LIBRARIES = YES;
				CODE_SIGN_STYLE = Automatic;
				INFOPLIST_FILE = blind_walkingUITests/Info.plist;
				LD_RUNPATH_SEARCH_PATHS = (
					"$(inherited)",
					"@executable_path/Frameworks",
					"@loader_path/Frameworks",
				);
				PRODUCT_BUNDLE_IDENTIFIER = "memo.com.blind-walkingUITests";
				PRODUCT_NAME = "$(TARGET_NAME)";
				SWIFT_VERSION = 5.0;
				TARGETED_DEVICE_FAMILY = "1,2";
				TEST_TARGET_NAME = blind_walking;
			};
			name = Debug;
		};
		6E2DC1DC25B35BB1006BE494 /* Release */ = {
			isa = XCBuildConfiguration;
			baseConfigurationReference = 79080B3EF1661CFFC0B272E7 /* Pods-blind_walking-blind_walkingUITests.release.xcconfig */;
			buildSettings = {
				ALWAYS_EMBED_SWIFT_STANDARD_LIBRARIES = YES;
				CODE_SIGN_STYLE = Automatic;
				INFOPLIST_FILE = blind_walkingUITests/Info.plist;
				LD_RUNPATH_SEARCH_PATHS = (
					"$(inherited)",
					"@executable_path/Frameworks",
					"@loader_path/Frameworks",
				);
				PRODUCT_BUNDLE_IDENTIFIER = "memo.com.blind-walkingUITests";
				PRODUCT_NAME = "$(TARGET_NAME)";
				SWIFT_VERSION = 5.0;
				TARGETED_DEVICE_FAMILY = "1,2";
				TEST_TARGET_NAME = blind_walking;
			};
			name = Release;
		};
/* End XCBuildConfiguration section */

/* Begin XCConfigurationList section */
		6E2DC1A525B35BB0006BE494 /* Build configuration list for PBXProject "blind_walking" */ = {
			isa = XCConfigurationList;
			buildConfigurations = (
				6E2DC1D225B35BB1006BE494 /* Debug */,
				6E2DC1D325B35BB1006BE494 /* Release */,
			);
			defaultConfigurationIsVisible = 0;
			defaultConfigurationName = Release;
		};
		6E2DC1D425B35BB1006BE494 /* Build configuration list for PBXNativeTarget "blind_walking" */ = {
			isa = XCConfigurationList;
			buildConfigurations = (
				6E2DC1D525B35BB1006BE494 /* Debug */,
				6E2DC1D625B35BB1006BE494 /* Release */,
			);
			defaultConfigurationIsVisible = 0;
			defaultConfigurationName = Release;
		};
		6E2DC1D725B35BB1006BE494 /* Build configuration list for PBXNativeTarget "blind_walkingTests" */ = {
			isa = XCConfigurationList;
			buildConfigurations = (
				6E2DC1D825B35BB1006BE494 /* Debug */,
				6E2DC1D925B35BB1006BE494 /* Release */,
			);
			defaultConfigurationIsVisible = 0;
			defaultConfigurationName = Release;
		};
		6E2DC1DA25B35BB1006BE494 /* Build configuration list for PBXNativeTarget "blind_walkingUITests" */ = {
			isa = XCConfigurationList;
			buildConfigurations = (
				6E2DC1DB25B35BB1006BE494 /* Debug */,
				6E2DC1DC25B35BB1006BE494 /* Release */,
			);
			defaultConfigurationIsVisible = 0;
			defaultConfigurationName = Release;
		};
/* End XCConfigurationList section */
	};
	rootObject = 6E2DC1A225B35BB0006BE494 /* Project object */;
}
